
Microsoft Visual Studio Solution File, Format Version 12.00
# Visual Studio 2012
Project("{FAE04EC0-301F-11D3-BF4B-00C04F79EFBC}") = "nt_lab3_HomeInventory", "nt_lab3_HomeInventory\nt_lab3_HomeInventory.csproj", "{1E5BD990-ECDF-4252-BEAC-352A4E347393}"
EndProject
Global
	GlobalSection(SolutionConfigurationPlatforms) = preSolution
		Debug|Any CPU = Debug|Any CPU
		Release|Any CPU = Release|Any CPU
	EndGlobalSection
	GlobalSection(ProjectConfigurationPlatforms) = postSolution
		{1E5BD990-ECDF-4252-BEAC-352A4E347393}.Debug|Any CPU.ActiveCfg = Debug|Any CPU
		{1E5BD990-ECDF-4252-BEAC-352A4E347393}.Debug|Any CPU.Build.0 = Debug|Any CPU
		{1E5BD990-ECDF-4252-BEAC-352A4E347393}.Release|Any CPU.ActiveCfg = Release|Any CPU
		{1E5BD990-ECDF-4252-BEAC-352A4E347393}.Release|Any CPU.Build.0 = Release|Any CPU
	EndGlobalSection
	GlobalSection(SolutionProperties) = preSolution
		HideSolutionNode = FALSE
	EndGlobalSection
EndGlobal
